
Microsoft Visual Studio Solution File, Format Version 12.00
# Visual Studio Version 17
VisualStudioVersion = 17.8.34408.163
MinimumVisualStudioVersion = 10.0.40219.1
Project("{FAE04EC0-301F-11D3-BF4B-00C04F79EFBC}") = "SoftverskaRealizacijaBackend", "SoftverskaRealizacijaBackend\SoftverskaRealizacijaBackend.csproj", "{7E068D15-0A83-4714-91DB-C8F3FEE1AF7E}"
EndProject
Project("{FAE04EC0-301F-11D3-BF4B-00C04F79EFBC}") = "Library", "Library\Library.csproj", "{8CEEEEF0-A42F-414E-9D63-F752084D622E}"
EndProject
Global
	GlobalSection(SolutionConfigurationPlatforms) = preSolution
		Debug|Any CPU = Debug|Any CPU
		Release|Any CPU = Release|Any CPU
	EndGlobalSection
	GlobalSection(ProjectConfigurationPlatforms) = postSolution
		{7E068D15-0A83-4714-91DB-C8F3FEE1AF7E}.Debug|Any CPU.ActiveCfg = Debug|Any CPU
		{7E068D15-0A83-4714-91DB-C8F3FEE1AF7E}.Debug|Any CPU.Build.0 = Debug|Any CPU
		{7E068D15-0A83-4714-91DB-C8F3FEE1AF7E}.Release|Any CPU.ActiveCfg = Release|Any CPU
		{7E068D15-0A83-4714-91DB-C8F3FEE1AF7E}.Release|Any CPU.Build.0 = Release|Any CPU
		{8CEEEEF0-A42F-414E-9D63-F752084D622E}.Debug|Any CPU.ActiveCfg = Debug|Any CPU
		{8CEEEEF0-A42F-414E-9D63-F752084D622E}.Debug|Any CPU.Build.0 = Debug|Any CPU
		{8CEEEEF0-A42F-414E-9D63-F752084D622E}.Release|Any CPU.ActiveCfg = Release|Any CPU
		{8CEEEEF0-A42F-414E-9D63-F752084D622E}.Release|Any CPU.Build.0 = Release|Any CPU
	EndGlobalSection
	GlobalSection(SolutionProperties) = preSolution
		HideSolutionNode = FALSE
	EndGlobalSection
	GlobalSection(ExtensibilityGlobals) = postSolution
		SolutionGuid = {5F4341B1-E72E-4B0B-A30E-712BBB599610}
	EndGlobalSection
EndGlobal
